
Microsoft Visual Studio Solution File, Format Version 12.00
# Visual Studio 15
VisualStudioVersion = 15.0.27428.2005
MinimumVisualStudioVersion = 10.0.40219.1
Project("{8BC9CEB8-8B4A-11D0-8D11-00A0C91BC942}") = "11.13_Complex类", "11.13_Complex类\11.13_Complex类.vcxproj", "{7013ADC7-F29D-4F48-A06F-E597E4B5C5C6}"
EndProject
Global
	GlobalSection(SolutionConfigurationPlatforms) = preSolution
		Debug|x64 = Debug|x64
		Debug|x86 = Debug|x86
		Release|x64 = Release|x64
		Release|x86 = Release|x86
	EndGlobalSection
	GlobalSection(ProjectConfigurationPlatforms) = postSolution
		{7013ADC7-F29D-4F48-A06F-E597E4B5C5C6}.Debug|x64.ActiveCfg = Debug|x64
		{7013ADC7-F29D-4F48-A06F-E597E4B5C5C6}.Debug|x64.Build.0 = Debug|x64
		{7013ADC7-F29D-4F48-A06F-E597E4B5C5C6}.Debug|x86.ActiveCfg = Debug|Win32
		{7013ADC7-F29D-4F48-A06F-E597E4B5C5C6}.Debug|x86.Build.0 = Debug|Win32
		{7013ADC7-F29D-4F48-A06F-E597E4B5C5C6}.Release|x64.ActiveCfg = Release|x64
		{7013ADC7-F29D-4F48-A06F-E597E4B5C5C6}.Release|x64.Build.0 = Release|x64
		{7013ADC7-F29D-4F48-A06F-E597E4B5C5C6}.Release|x86.ActiveCfg = Release|Win32
		{7013ADC7-F29D-4F48-A06F-E597E4B5C5C6}.Release|x86.Build.0 = Release|Win32
	EndGlobalSection
	GlobalSection(SolutionProperties) = preSolution
		HideSolutionNode = FALSE
	EndGlobalSection
	GlobalSection(ExtensibilityGlobals) = postSolution
		SolutionGuid = {C5260FAF-77FF-455A-8594-C6CBB978F3DF}
	EndGlobalSection
EndGlobal
